PODS:
  - Alamofire (4.8.1)
  - KeychainSwift (12.0.0)
  - PPSDK-Swift (0.2.10):
    - Alamofire (~> 4.7)
    - KeychainSwift (~> 12.0)
  - SwiftOverlays (3.0.0)

DEPENDENCIES:
  - PPSDK-Swift (from `https://github.com/playportal-studio/PPSDK-Swift.git`, tag `0.2.11`)
  - SwiftOverlays (~> 3.0.0)

SPEC REPOS:
  https://github.com/cocoapods/specs.git:
    - Alamofire
    - KeychainSwift
    - SwiftOverlays

EXTERNAL SOURCES:
  PPSDK-Swift:
    :git: https://github.com/playportal-studio/PPSDK-Swift.git
    :tag: 0.2.11

CHECKOUT OPTIONS:
  PPSDK-Swift:
    :git: https://github.com/playportal-studio/PPSDK-Swift.git
    :tag: 0.2.11

SPEC CHECKSUMS:
  Alamofire: 16ce2c353fb72865124ddae8a57c5942388f4f11
  KeychainSwift: d5e776578587ee5958ce36601df22f168f65138a
  PPSDK-Swift: eb727d1a3cba23f79f47e5b4040d0764c08f6311
  SwiftOverlays: 4cdd9e4f5c7817fb6348882059eb697e11685fad

PODFILE CHECKSUM: 63a83effa42a8227bd5ed4124d71975355991055

COCOAPODS: 1.6.0.beta.1
