// !$*UTF8*$!
{
	archiveVersion = 1;
	classes = {
	};
	objectVersion = 46;
	objects = {

/* Begin PBXBuildFile section */
		4669F1DE2141BB1500769F88 /* Security.framework in Frameworks */ = {isa = PBXBuildFile; fileRef = 4669F1DD2141BB1500769F88 /* Security.framework */; };
		4669F1E02141BB3300769F88 /* SafariServices.framework in Frameworks */ = {isa = PBXBuildFile; fileRef = 4669F1DF2141BB3300769F88 /* SafariServices.framework */; };
		4669F1E22141BB3D00769F88 /* WebKit.framework in Frameworks */ = {isa = PBXBuildFile; fileRef = 4669F1E12141BB3D00769F88 /* WebKit.framework */; };
		4669F1E42141BB5E00769F88 /* MobileCoreServices.framework in Frameworks */ = {isa = PBXBuildFile; fileRef = 4669F1E32141BB5E00769F88 /* MobileCoreServices.framework */; };
		4669F1EC2141CA5B00769F88 /* LoginViewController.swift in Sources */ = {isa = PBXBuildFile; fileRef = 4669F1EB2141CA5B00769F88 /* LoginViewController.swift */; };
		50A4C4382146A36900557B0F /* PlayPortal.framework in Frameworks */ = {isa = PBXBuildFile; fileRef = 50A4C4372146A36900557B0F /* PlayPortal.framework */; };
		50A4C4392146A37C00557B0F /* PlayPortal.framework in Embed Frameworks */ = {isa = PBXBuildFile; fileRef = 50A4C4372146A36900557B0F /* PlayPortal.framework */; settings = {ATTRIBUTES = (CodeSignOnCopy, RemoveHeadersOnCopy, ); }; };
		A322BB981DFEA7C400C847AF /* AppDelegate.swift in Sources */ = {isa = PBXBuildFile; fileRef = A322BB971DFEA7C400C847AF /* AppDelegate.swift */; };
		A322BB9F1DFEA7C400C847AF /* Assets.xcassets in Resources */ = {isa = PBXBuildFile; fileRef = A322BB9E1DFEA7C400C847AF /* Assets.xcassets */; };
		A322BBA21DFEA7C400C847AF /* LaunchScreen.storyboard in Resources */ = {isa = PBXBuildFile; fileRef = A322BBA01DFEA7C400C847AF /* LaunchScreen.storyboard */; };
		A35DA1E31E37884600929021 /* Main.storyboard in Resources */ = {isa = PBXBuildFile; fileRef = A35DA1E21E37884600929021 /* Main.storyboard */; };
		A39B0CEC1E3794E900E3D3AC /* ViewController.swift in Sources */ = {isa = PBXBuildFile; fileRef = A39B0CEB1E3794E900E3D3AC /* ViewController.swift */; };
/* End PBXBuildFile section */

/* Begin PBXCopyFilesBuildPhase section */
		508C667D2141B7F80059C591 /* Embed Frameworks */ = {
			isa = PBXCopyFilesBuildPhase;
			buildActionMask = 2147483647;
			dstPath = "";
			dstSubfolderSpec = 10;
			files = (
				50A4C4392146A37C00557B0F /* PlayPortal.framework in Embed Frameworks */,
			);
			name = "Embed Frameworks";
			runOnlyForDeploymentPostprocessing = 0;
		};
/* End PBXCopyFilesBuildPhase section */

/* Begin PBXFileReference section */
		0D6557761E657DA400A21FCE /* KontaktSDK.framework */ = {isa = PBXFileReference; lastKnownFileType = wrapper.framework; name = KontaktSDK.framework; path = ../../KontaktSDK/iOS/KontaktSDK.framework; sourceTree = "<group>"; };
		0D6557AF1E65C97E00A21FCE /* BridgingHeader.h */ = {isa = PBXFileReference; lastKnownFileType = sourcecode.c.h; path = BridgingHeader.h; sourceTree = "<group>"; };
		4669F1DD2141BB1500769F88 /* Security.framework */ = {isa = PBXFileReference; lastKnownFileType = wrapper.framework; name = Security.framework; path = System/Library/Frameworks/Security.framework; sourceTree = SDKROOT; };
		4669F1DF2141BB3300769F88 /* SafariServices.framework */ = {isa = PBXFileReference; lastKnownFileType = wrapper.framework; name = SafariServices.framework; path = System/Library/Frameworks/SafariServices.framework; sourceTree = SDKROOT; };
		4669F1E12141BB3D00769F88 /* WebKit.framework */ = {isa = PBXFileReference; lastKnownFileType = wrapper.framework; name = WebKit.framework; path = System/Library/Frameworks/WebKit.framework; sourceTree = SDKROOT; };
		4669F1E32141BB5E00769F88 /* MobileCoreServices.framework */ = {isa = PBXFileReference; lastKnownFileType = wrapper.framework; name = MobileCoreServices.framework; path = System/Library/Frameworks/MobileCoreServices.framework; sourceTree = SDKROOT; };
		4669F1EB2141CA5B00769F88 /* LoginViewController.swift */ = {isa = PBXFileReference; lastKnownFileType = sourcecode.swift; path = LoginViewController.swift; sourceTree = "<group>"; };
		50A4C4372146A36900557B0F /* PlayPortal.framework */ = {isa = PBXFileReference; lastKnownFileType = wrapper.framework; path = PlayPortal.framework; sourceTree = "<group>"; };
		A322BB941DFEA7C400C847AF /* AirTime.app */ = {isa = PBXFileReference; explicitFileType = wrapper.application; includeInIndex = 0; path = AirTime.app; sourceTree = BUILT_PRODUCTS_DIR; };
		A322BB971DFEA7C400C847AF /* AppDelegate.swift */ = {isa = PBXFileReference; lastKnownFileType = sourcecode.swift; path = AppDelegate.swift; sourceTree = "<group>"; };
		A322BB9E1DFEA7C400C847AF /* Assets.xcassets */ = {isa = PBXFileReference; lastKnownFileType = folder.assetcatalog; path = Assets.xcassets; sourceTree = "<group>"; };
		A322BBA11DFEA7C400C847AF /* Base */ = {isa = PBXFileReference; lastKnownFileType = file.storyboard; name = Base; path = Base.lproj/LaunchScreen.storyboard; sourceTree = "<group>"; };
		A322BBA31DFEA7C400C847AF /* Info.plist */ = {isa = PBXFileReference; lastKnownFileType = text.plist.xml; path = Info.plist; sourceTree = "<group>"; };
		A35DA1E21E37884600929021 /* Main.storyboard */ = {isa = PBXFileReference; fileEncoding = 4; lastKnownFileType = file.storyboard; path = Main.storyboard; sourceTree = "<group>"; };
		A39B0CEB1E3794E900E3D3AC /* ViewController.swift */ = {isa = PBXFileReference; fileEncoding = 4; lastKnownFileType = sourcecode.swift; path = ViewController.swift; sourceTree = "<group>"; };
/* End PBXFileReference section */

/* Begin PBXFrameworksBuildPhase section */
		A322BB911DFEA7C400C847AF /* Frameworks */ = {
			isa = PBXFrameworksBuildPhase;
			buildActionMask = 2147483647;
			files = (
				4669F1E42141BB5E00769F88 /* MobileCoreServices.framework in Frameworks */,
				50A4C4382146A36900557B0F /* PlayPortal.framework in Frameworks */,
				4669F1E22141BB3D00769F88 /* WebKit.framework in Frameworks */,
				4669F1E02141BB3300769F88 /* SafariServices.framework in Frameworks */,
				4669F1DE2141BB1500769F88 /* Security.framework in Frameworks */,
			);
			runOnlyForDeploymentPostprocessing = 0;
		};
/* End PBXFrameworksBuildPhase section */

/* Begin PBXGroup section */
		1FC20239CADD742496626DDD /* Frameworks */ = {
			isa = PBXGroup;
			children = (
				4669F1E32141BB5E00769F88 /* MobileCoreServices.framework */,
				4669F1E12141BB3D00769F88 /* WebKit.framework */,
				4669F1DF2141BB3300769F88 /* SafariServices.framework */,
				4669F1DD2141BB1500769F88 /* Security.framework */,
				0D6557761E657DA400A21FCE /* KontaktSDK.framework */,
			);
			name = Frameworks;
			sourceTree = "<group>";
		};
		A322BB8B1DFEA7C400C847AF = {
			isa = PBXGroup;
			children = (
				A322BB961DFEA7C400C847AF /* AirTime */,
				1FC20239CADD742496626DDD /* Frameworks */,
				A322BB951DFEA7C400C847AF /* Products */,
			);
			sourceTree = "<group>";
		};
		A322BB951DFEA7C400C847AF /* Products */ = {
			isa = PBXGroup;
			children = (
				A322BB941DFEA7C400C847AF /* AirTime.app */,
			);
			name = Products;
			sourceTree = "<group>";
		};
		A322BB961DFEA7C400C847AF /* AirTime */ = {
			isa = PBXGroup;
			children = (
				50A4C4372146A36900557B0F /* PlayPortal.framework */,
				A39B0CEB1E3794E900E3D3AC /* ViewController.swift */,
				A35DA1E21E37884600929021 /* Main.storyboard */,
				A322BB971DFEA7C400C847AF /* AppDelegate.swift */,
				A322BBA01DFEA7C400C847AF /* LaunchScreen.storyboard */,
				A322BB9E1DFEA7C400C847AF /* Assets.xcassets */,
				A322BBA31DFEA7C400C847AF /* Info.plist */,
				0D6557AF1E65C97E00A21FCE /* BridgingHeader.h */,
				4669F1EB2141CA5B00769F88 /* LoginViewController.swift */,
			);
			path = AirTime;
			sourceTree = "<group>";
		};
/* End PBXGroup section */

/* Begin PBXNativeTarget section */
		A322BB931DFEA7C400C847AF /* AirTime */ = {
			isa = PBXNativeTarget;
			buildConfigurationList = A322BBA61DFEA7C400C847AF /* Build configuration list for PBXNativeTarget "AirTime" */;
			buildPhases = (
				A322BB901DFEA7C400C847AF /* Sources */,
				A322BB911DFEA7C400C847AF /* Frameworks */,
				A322BB921DFEA7C400C847AF /* Resources */,
				508C667D2141B7F80059C591 /* Embed Frameworks */,
			);
			buildRules = (
			);
			dependencies = (
			);
			name = AirTime;
			productName = "Developer Samples";
			productReference = A322BB941DFEA7C400C847AF /* AirTime.app */;
			productType = "com.apple.product-type.application";
		};
/* End PBXNativeTarget section */

/* Begin PBXProject section */
		A322BB8C1DFEA7C400C847AF /* Project object */ = {
			isa = PBXProject;
			attributes = {
				LastSwiftUpdateCheck = 0810;
				LastUpgradeCheck = 0900;
				ORGANIZATIONNAME = kontakt.io;
				TargetAttributes = {
					A322BB931DFEA7C400C847AF = {
						CreatedOnToolsVersion = 8.1;
						DevelopmentTeam = NAX528DUM6;
						ProvisioningStyle = Automatic;
						SystemCapabilities = {
							com.apple.BackgroundModes = {
								enabled = 1;
							};
						};
					};
				};
			};
			buildConfigurationList = A322BB8F1DFEA7C400C847AF /* Build configuration list for PBXProject "AirTime" */;
			compatibilityVersion = "Xcode 3.2";
			developmentRegion = English;
			hasScannedForEncodings = 0;
			knownRegions = (
				en,
				Base,
			);
			mainGroup = A322BB8B1DFEA7C400C847AF;
			productRefGroup = A322BB951DFEA7C400C847AF /* Products */;
			projectDirPath = "";
			projectRoot = "";
			targets = (
				A322BB931DFEA7C400C847AF /* AirTime */,
			);
		};
/* End PBXProject section */

/* Begin PBXResourcesBuildPhase section */
		A322BB921DFEA7C400C847AF /* Resources */ = {
			isa = PBXResourcesBuildPhase;
			buildActionMask = 2147483647;
			files = (
				A322BBA21DFEA7C400C847AF /* LaunchScreen.storyboard in Resources */,
				A35DA1E31E37884600929021 /* Main.storyboard in Resources */,
				A322BB9F1DFEA7C400C847AF /* Assets.xcassets in Resources */,
			);
			runOnlyForDeploymentPostprocessing = 0;
		};
/* End PBXResourcesBuildPhase section */

/* Begin PBXSourcesBuildPhase section */
		A322BB901DFEA7C400C847AF /* Sources */ = {
			isa = PBXSourcesBuildPhase;
			buildActionMask = 2147483647;
			files = (
				4669F1EC2141CA5B00769F88 /* LoginViewController.swift in Sources */,
				A322BB981DFEA7C400C847AF /* AppDelegate.swift in Sources */,
				A39B0CEC1E3794E900E3D3AC /* ViewController.swift in Sources */,
			);
			runOnlyForDeploymentPostprocessing = 0;
		};
/* End PBXSourcesBuildPhase section */

/* Begin PBXVariantGroup section */
		A322BBA01DFEA7C400C847AF /* LaunchScreen.storyboard */ = {
			isa = PBXVariantGroup;
			children = (
				A322BBA11DFEA7C400C847AF /* Base */,
			);
			name = LaunchScreen.storyboard;
			sourceTree = "<group>";
		};
/* End PBXVariantGroup section */

/* Begin XCBuildConfiguration section */
		A322BBA41DFEA7C400C847AF /* Debug */ = {
			isa = XCBuildConfiguration;
			buildSettings = {
				ALWAYS_SEARCH_USER_PATHS = NO;
				CLANG_ANALYZER_NONNULL = YES;
				CLANG_CXX_LANGUAGE_STANDARD = "gnu++0x";
				CLANG_CXX_LIBRARY = "libc++";
				CLANG_ENABLE_MODULES = YES;
				CLANG_ENABLE_OBJC_ARC = YES;
				CLANG_WARN_BLOCK_CAPTURE_AUTORELEASING = YES;
				CLANG_WARN_BOOL_CONVERSION = YES;
				CLANG_WARN_COMMA = YES;
				CLANG_WARN_CONSTANT_CONVERSION = YES;
				CLANG_WARN_DIRECT_OBJC_ISA_USAGE = YES_ERROR;
				CLANG_WARN_DOCUMENTATION_COMMENTS = YES;
				CLANG_WARN_EMPTY_BODY = YES;
				CLANG_WARN_ENUM_CONVERSION = YES;
				CLANG_WARN_INFINITE_RECURSION = YES;
				CLANG_WARN_INT_CONVERSION = YES;
				CLANG_WARN_NON_LITERAL_NULL_CONVERSION = YES;
				CLANG_WARN_OBJC_LITERAL_CONVERSION = YES;
				CLANG_WARN_OBJC_ROOT_CLASS = YES_ERROR;
				CLANG_WARN_RANGE_LOOP_ANALYSIS = YES;
				CLANG_WARN_STRICT_PROTOTYPES = YES;
				CLANG_WARN_SUSPICIOUS_MOVE = YES;
				CLANG_WARN_SUSPICIOUS_MOVES = YES;
				CLANG_WARN_UNREACHABLE_CODE = YES;
				CLANG_WARN__DUPLICATE_METHOD_MATCH = YES;
				"CODE_SIGN_IDENTITY[sdk=iphoneos*]" = "iPhone Developer";
				COPY_PHASE_STRIP = NO;
				DEBUG_INFORMATION_FORMAT = dwarf;
				ENABLE_STRICT_OBJC_MSGSEND = YES;
				ENABLE_TESTABILITY = YES;
				FRAMEWORK_SEARCH_PATHS = "$(SRCROOT)/../../KontaktSDK/iOS/**";
				GCC_C_LANGUAGE_STANDARD = gnu99;
				GCC_DYNAMIC_NO_PIC = NO;
				GCC_NO_COMMON_BLOCKS = YES;
				GCC_OPTIMIZATION_LEVEL = 0;
				GCC_PREPROCESSOR_DEFINITIONS = (
					"DEBUG=1",
					"$(inherited)",
				);
				GCC_WARN_64_TO_32_BIT_CONVERSION = YES;
				GCC_WARN_ABOUT_RETURN_TYPE = YES_ERROR;
				GCC_WARN_UNDECLARED_SELECTOR = YES;
				GCC_WARN_UNINITIALIZED_AUTOS = YES_AGGRESSIVE;
				GCC_WARN_UNUSED_FUNCTION = YES;
				GCC_WARN_UNUSED_VARIABLE = YES;
				IPHONEOS_DEPLOYMENT_TARGET = 10.1;
				MTL_ENABLE_DEBUG_INFO = YES;
				ONLY_ACTIVE_ARCH = YES;
				SDKROOT = iphoneos;
				SWIFT_ACTIVE_COMPILATION_CONDITIONS = DEBUG;
				SWIFT_OBJC_BRIDGING_HEADER = "Developer Samples/BridgingHeader.h";
				SWIFT_OPTIMIZATION_LEVEL = "-Onone";
				TARGETED_DEVICE_FAMILY = "1,2";
			};
			name = Debug;
		};
		A322BBA51DFEA7C400C847AF /* Release */ = {
			isa = XCBuildConfiguration;
			buildSettings = {
				ALWAYS_SEARCH_USER_PATHS = NO;
				CLANG_ANALYZER_NONNULL = YES;
				CLANG_CXX_LANGUAGE_STANDARD = "gnu++0x";
				CLANG_CXX_LIBRARY = "libc++";
				CLANG_ENABLE_MODULES = YES;
				CLANG_ENABLE_OBJC_ARC = YES;
				CLANG_WARN_BLOCK_CAPTURE_AUTORELEASING = YES;
				CLANG_WARN_BOOL_CONVERSION = YES;
				CLANG_WARN_COMMA = YES;
				CLANG_WARN_CONSTANT_CONVERSION = YES;
				CLANG_WARN_DIRECT_OBJC_ISA_USAGE = YES_ERROR;
				CLANG_WARN_DOCUMENTATION_COMMENTS = YES;
				CLANG_WARN_EMPTY_BODY = YES;
				CLANG_WARN_ENUM_CONVERSION = YES;
				CLANG_WARN_INFINITE_RECURSION = YES;
				CLANG_WARN_INT_CONVERSION = YES;
				CLANG_WARN_NON_LITERAL_NULL_CONVERSION = YES;
				CLANG_WARN_OBJC_LITERAL_CONVERSION = YES;
				CLANG_WARN_OBJC_ROOT_CLASS = YES_ERROR;
				CLANG_WARN_RANGE_LOOP_ANALYSIS = YES;
				CLANG_WARN_STRICT_PROTOTYPES = YES;
				CLANG_WARN_SUSPICIOUS_MOVE = YES;
				CLANG_WARN_SUSPICIOUS_MOVES = YES;
				CLANG_WARN_UNREACHABLE_CODE = YES;
				CLANG_WARN__DUPLICATE_METHOD_MATCH = YES;
				"CODE_SIGN_IDENTITY[sdk=iphoneos*]" = "iPhone Developer";
				COPY_PHASE_STRIP = NO;
				DEBUG_INFORMATION_FORMAT = "dwarf-with-dsym";
				ENABLE_NS_ASSERTIONS = NO;
				ENABLE_STRICT_OBJC_MSGSEND = YES;
				FRAMEWORK_SEARCH_PATHS = "$(SRCROOT)/../../KontaktSDK/iOS/**";
				GCC_C_LANGUAGE_STANDARD = gnu99;
				GCC_NO_COMMON_BLOCKS = YES;
				GCC_WARN_64_TO_32_BIT_CONVERSION = YES;
				GCC_WARN_ABOUT_RETURN_TYPE = YES_ERROR;
				GCC_WARN_UNDECLARED_SELECTOR = YES;
				GCC_WARN_UNINITIALIZED_AUTOS = YES_AGGRESSIVE;
				GCC_WARN_UNUSED_FUNCTION = YES;
				GCC_WARN_UNUSED_VARIABLE = YES;
				IPHONEOS_DEPLOYMENT_TARGET = 10.1;
				MTL_ENABLE_DEBUG_INFO = NO;
				SDKROOT = iphoneos;
				SWIFT_OBJC_BRIDGING_HEADER = "Developer Samples/BridgingHeader.h";
				SWIFT_OPTIMIZATION_LEVEL = "-Owholemodule";
				TARGETED_DEVICE_FAMILY = "1,2";
				VALIDATE_PRODUCT = YES;
			};
			name = Release;
		};
		A322BBA71DFEA7C400C847AF /* Debug */ = {
			isa = XCBuildConfiguration;
			buildSettings = {
				ASSETCATALOG_COMPILER_APPICON_NAME = AppIcon;
				DEVELOPMENT_TEAM = NAX528DUM6;
				FRAMEWORK_SEARCH_PATHS = (
					"$(SRCROOT)/../../KontaktSDK/iOS/**",
					"$(PROJECT_DIR)/kontakt-ios-sdk/KontaktSDK/iOS",
					"$(PROJECT_DIR)/AirTime",
					"$(PROJECT_DIR)",
				);
				INFOPLIST_FILE = "$(SRCROOT)/AirTime/Info.plist";
				IPHONEOS_DEPLOYMENT_TARGET = 10.0;
				LD_RUNPATH_SEARCH_PATHS = "$(inherited) @executable_path/Frameworks";
				PRODUCT_BUNDLE_IDENTIFIER = com.dynepic.airtime;
				PRODUCT_NAME = "$(TARGET_NAME)";
				SWIFT_OBJC_BRIDGING_HEADER = AirTime/BridgingHeader.h;
				SWIFT_VERSION = 3.0;
			};
			name = Debug;
		};
		A322BBA81DFEA7C400C847AF /* Release */ = {
			isa = XCBuildConfiguration;
			buildSettings = {
				ASSETCATALOG_COMPILER_APPICON_NAME = AppIcon;
				DEVELOPMENT_TEAM = NAX528DUM6;
				FRAMEWORK_SEARCH_PATHS = (
					"$(SRCROOT)/../../KontaktSDK/iOS/**",
					"$(PROJECT_DIR)/kontakt-ios-sdk/KontaktSDK/iOS",
					"$(PROJECT_DIR)/AirTime",
					"$(PROJECT_DIR)",
				);
				INFOPLIST_FILE = "$(SRCROOT)/AirTime/Info.plist";
				IPHONEOS_DEPLOYMENT_TARGET = 10.0;
				LD_RUNPATH_SEARCH_PATHS = "$(inherited) @executable_path/Frameworks";
				PRODUCT_BUNDLE_IDENTIFIER = com.dynepic.airtime;
				PRODUCT_NAME = "$(TARGET_NAME)";
				SWIFT_OBJC_BRIDGING_HEADER = AirTime/BridgingHeader.h;
				SWIFT_VERSION = 3.0;
			};
			name = Release;
		};
/* End XCBuildConfiguration section */

/* Begin XCConfigurationList section */
		A322BB8F1DFEA7C400C847AF /* Build configuration list for PBXProject "AirTime" */ = {
			isa = XCConfigurationList;
			buildConfigurations = (
				A322BBA41DFEA7C400C847AF /* Debug */,
				A322BBA51DFEA7C400C847AF /* Release */,
			);
			defaultConfigurationIsVisible = 0;
			defaultConfigurationName = Release;
		};
		A322BBA61DFEA7C400C847AF /* Build configuration list for PBXNativeTarget "AirTime" */ = {
			isa = XCConfigurationList;
			buildConfigurations = (
				A322BBA71DFEA7C400C847AF /* Debug */,
				A322BBA81DFEA7C400C847AF /* Release */,
			);
			defaultConfigurationIsVisible = 0;
			defaultConfigurationName = Release;
		};
/* End XCConfigurationList section */
	};
	rootObject = A322BB8C1DFEA7C400C847AF /* Project object */;
}
